// !$*UTF8*$!
{
	archiveVersion = 1;
	classes = {
	};
	objectVersion = 60;
	objects = {

/* Begin PBXBuildFile section */
		0B2A1E0F2D00000100A00001 /* GQuotaApp.swift in Sources */ = {isa = PBXBuildFile; fileRef = 0B2A1E0E2D00000100A00001 /* GQuotaApp.swift */; };
		0B2A1E172D00000100A00001 /* GQuotaKit in Frameworks */ = {isa = PBXBuildFile; productRef = 0B2A1E162D00000100A00001 /* GQuotaKit */; };
		0B2A1E1B2D00000100A00001 /* MenuBarIconRendererTests.swift in Sources */ = {isa = PBXBuildFile; fileRef = 0B2A1E1A2D00000100A00001 /* MenuBarIconRendererTests.swift */; };
		0B2A1E272D00000100A00001 /* GQuotaKit in Frameworks */ = {isa = PBXBuildFile; productRef = 0B2A1E262D00000100A00001 /* GQuotaKit */; };
		0B2A1E292D00000100A00001 /* MenuBarIconRenderer.swift in Sources */ = {isa = PBXBuildFile; fileRef = 0B2A1E282D00000100A00001 /* MenuBarIconRenderer.swift */; };
		0B2A1E302D00000100A00001 /* AppModel.swift in Sources */ = {isa = PBXBuildFile; fileRef = 0B2A1E2A2D00000100A00001 /* AppModel.swift */; };
		0B2A1E312D00000100A00001 /* MenuBarPanel.swift in Sources */ = {isa = PBXBuildFile; fileRef = 0B2A1E2B2D00000100A00001 /* MenuBarPanel.swift */; };
		0B2A1E322D00000100A00001 /* ProviderRow.swift in Sources */ = {isa = PBXBuildFile; fileRef = 0B2A1E2C2D00000100A00001 /* ProviderRow.swift */; };
		0B2A1E332D00000100A00001 /* AppModelTests.swift in Sources */ = {isa = PBXBuildFile; fileRef = 0B2A1E2D2D00000100A00001 /* AppModelTests.swift */; };
		0B2A1E342D00000100A00001 /* MenuBarPanelTests.swift in Sources */ = {isa = PBXBuildFile; fileRef = 0B2A1E2E2D00000100A00001 /* MenuBarPanelTests.swift */; };
		0B2A1E352D00000100A00001 /* ProviderRowTests.swift in Sources */ = {isa = PBXBuildFile; fileRef = 0B2A1E2F2D00000100A00001 /* ProviderRowTests.swift */; };
/* End PBXBuildFile section */

/* Begin PBXContainerItemProxy section */
		0B2A1E222D00000100A00001 /* PBXContainerItemProxy */ = {
			isa = PBXContainerItemProxy;
			containerPortal = 0B2A1E032D00000100A00001 /* Project object */;
			proxyType = 1;
			remoteGlobalIDString = 0B2A1E0A2D00000100A00001;
			remoteInfo = GQuota;
		};
/* End PBXContainerItemProxy section */

/* Begin PBXFileReference section */
		0B2A1E0B2D00000100A00001 /* GQuota.app */ = {isa = PBXFileReference; explicitFileType = wrapper.application; includeInIndex = 0; path = GQuota.app; sourceTree = BUILT_PRODUCTS_DIR; };
		0B2A1E0E2D00000100A00001 /* GQuotaApp.swift */ = {isa = PBXFileReference; lastKnownFileType = sourcecode.swift; path = GQuotaApp.swift; sourceTree = "<group>"; };
		0B2A1E102D00000100A00001 /* Info.plist */ = {isa = PBXFileReference; lastKnownFileType = text.plist.xml; path = Info.plist; sourceTree = "<group>"; };
		0B2A1E112D00000100A00001 /* GQuota.entitlements */ = {isa = PBXFileReference; lastKnownFileType = text.plist.entitlements; path = GQuota.entitlements; sourceTree = "<group>"; };
		0B2A1E1A2D00000100A00001 /* MenuBarIconRendererTests.swift */ = {isa = PBXFileReference; lastKnownFileType = sourcecode.swift; path = MenuBarIconRendererTests.swift; sourceTree = "<group>"; };
		0B2A1E1C2D00000100A00001 /* GQuotaTests.xctest */ = {isa = PBXFileReference; explicitFileType = wrapper.cfbundle; includeInIndex = 0; path = GQuotaTests.xctest; sourceTree = BUILT_PRODUCTS_DIR; };
		0B2A1E282D00000100A00001 /* MenuBarIconRenderer.swift */ = {isa = PBXFileReference; lastKnownFileType = sourcecode.swift; path = MenuBarIconRenderer.swift; sourceTree = "<group>"; };
		0B2A1E2A2D00000100A00001 /* AppModel.swift */ = {isa = PBXFileReference; lastKnownFileType = sourcecode.swift; path = AppModel.swift; sourceTree = "<group>"; };
		0B2A1E2B2D00000100A00001 /* MenuBarPanel.swift */ = {isa = PBXFileReference; lastKnownFileType = sourcecode.swift; path = MenuBarPanel.swift; sourceTree = "<group>"; };
		0B2A1E2C2D00000100A00001 /* ProviderRow.swift */ = {isa = PBXFileReference; lastKnownFileType = sourcecode.swift; path = ProviderRow.swift; sourceTree = "<group>"; };
		0B2A1E2D2D00000100A00001 /* AppModelTests.swift */ = {isa = PBXFileReference; lastKnownFileType = sourcecode.swift; path = AppModelTests.swift; sourceTree = "<group>"; };
		0B2A1E2E2D00000100A00001 /* MenuBarPanelTests.swift */ = {isa = PBXFileReference; lastKnownFileType = sourcecode.swift; path = MenuBarPanelTests.swift; sourceTree = "<group>"; };
		0B2A1E2F2D00000100A00001 /* ProviderRowTests.swift */ = {isa = PBXFileReference; lastKnownFileType = sourcecode.swift; path = ProviderRowTests.swift; sourceTree = "<group>"; };
/* End PBXFileReference section */

/* Begin PBXFrameworksBuildPhase section */
		0B2A1E082D00000100A00001 /* Frameworks */ = {
			isa = PBXFrameworksBuildPhase;
			buildActionMask = 2147483647;
			files = (
				0B2A1E172D00000100A00001 /* GQuotaKit in Frameworks */,
			);
			runOnlyForDeploymentPostprocessing = 0;
		};
		0B2A1E1D2D00000100A00001 /* Frameworks */ = {
			isa = PBXFrameworksBuildPhase;
			buildActionMask = 2147483647;
			files = (
				0B2A1E272D00000100A00001 /* GQuotaKit in Frameworks */,
			);
			runOnlyForDeploymentPostprocessing = 0;
		};
/* End PBXFrameworksBuildPhase section */

/* Begin PBXGroup section */
		0B2A1E022D00000100A00001 = {
			isa = PBXGroup;
			children = (
				0B2A1E0D2D00000100A00001 /* GQuota */,
				0B2A1E0C2D00000100A00001 /* Products */,
			);
			sourceTree = "<group>";
		};
		0B2A1E0C2D00000100A00001 /* Products */ = {
			isa = PBXGroup;
			children = (
				0B2A1E0B2D00000100A00001 /* GQuota.app */,
				0B2A1E1C2D00000100A00001 /* GQuotaTests.xctest */,
			);
			name = Products;
			sourceTree = "<group>";
		};
		0B2A1E0D2D00000100A00001 /* GQuota */ = {
			isa = PBXGroup;
			children = (
				0B2A1E0E2D00000100A00001 /* GQuotaApp.swift */,
				0B2A1E2A2D00000100A00001 /* AppModel.swift */,
				0B2A1E2B2D00000100A00001 /* MenuBarPanel.swift */,
				0B2A1E2C2D00000100A00001 /* ProviderRow.swift */,
				0B2A1E282D00000100A00001 /* MenuBarIconRenderer.swift */,
				0B2A1E1A2D00000100A00001 /* MenuBarIconRendererTests.swift */,
				0B2A1E2D2D00000100A00001 /* AppModelTests.swift */,
				0B2A1E2E2D00000100A00001 /* MenuBarPanelTests.swift */,
				0B2A1E2F2D00000100A00001 /* ProviderRowTests.swift */,
				0B2A1E102D00000100A00001 /* Info.plist */,
				0B2A1E112D00000100A00001 /* GQuota.entitlements */,
			);
			path = GQuota;
			sourceTree = "<group>";
		};
/* End PBXGroup section */

/* Begin PBXNativeTarget section */
		0B2A1E0A2D00000100A00001 /* GQuota */ = {
			isa = PBXNativeTarget;
			buildConfigurationList = 0B2A1E142D00000100A00001 /* Build configuration list for PBXNativeTarget "GQuota" */;
			buildPhases = (
				0B2A1E072D00000100A00001 /* Sources */,
				0B2A1E082D00000100A00001 /* Frameworks */,
				0B2A1E092D00000100A00001 /* Resources */,
			);
			buildRules = (
			);
			dependencies = (
			);
			name = GQuota;
			packageProductDependencies = (
				0B2A1E162D00000100A00001 /* GQuotaKit */,
			);
			productName = GQuota;
			productReference = 0B2A1E0B2D00000100A00001 /* GQuota.app */;
			productType = "com.apple.product-type.application";
		};
		0B2A1E202D00000100A00001 /* GQuotaTests */ = {
			isa = PBXNativeTarget;
			buildConfigurationList = 0B2A1E252D00000100A00001 /* Build configuration list for PBXNativeTarget "GQuotaTests" */;
			buildPhases = (
				0B2A1E1E2D00000100A00001 /* Sources */,
				0B2A1E1D2D00000100A00001 /* Frameworks */,
				0B2A1E1F2D00000100A00001 /* Resources */,
			);
			buildRules = (
			);
			dependencies = (
				0B2A1E212D00000100A00001 /* PBXTargetDependency */,
			);
			name = GQuotaTests;
			packageProductDependencies = (
				0B2A1E262D00000100A00001 /* GQuotaKit */,
			);
			productName = GQuotaTests;
			productReference = 0B2A1E1C2D00000100A00001 /* GQuotaTests.xctest */;
			productType = "com.apple.product-type.bundle.unit-test";
		};
/* End PBXNativeTarget section */

/* Begin PBXProject section */
		0B2A1E032D00000100A00001 /* Project object */ = {
			isa = PBXProject;
			attributes = {
				BuildIndependentTargetsInParallel = 1;
				LastSwiftUpdateCheck = 2620;
				LastUpgradeCheck = 2620;
				TargetAttributes = {
					0B2A1E0A2D00000100A00001 = {
						CreatedOnToolsVersion = 26.2;
					};
					0B2A1E202D00000100A00001 = {
						CreatedOnToolsVersion = 26.2;
						TestTargetID = 0B2A1E0A2D00000100A00001;
					};
				};
			};
			buildConfigurationList = 0B2A1E062D00000100A00001 /* Build configuration list for PBXProject "GQuota" */;
			compatibilityVersion = "Xcode 14.0";
			developmentRegion = en;
			hasScannedForEncodings = 0;
			knownRegions = (
				en,
				Base,
			);
			mainGroup = 0B2A1E022D00000100A00001;
			packageReferences = (
				0B2A1E152D00000100A00001 /* XCLocalSwiftPackageReference "GQuotaKit" */,
			);
			productRefGroup = 0B2A1E0C2D00000100A00001 /* Products */;
			projectDirPath = "";
			projectRoot = "";
			targets = (
				0B2A1E0A2D00000100A00001 /* GQuota */,
				0B2A1E202D00000100A00001 /* GQuotaTests */,
			);
		};
/* End PBXProject section */

/* Begin PBXResourcesBuildPhase section */
		0B2A1E092D00000100A00001 /* Resources */ = {
			isa = PBXResourcesBuildPhase;
			buildActionMask = 2147483647;
			files = (
			);
			runOnlyForDeploymentPostprocessing = 0;
		};
		0B2A1E1F2D00000100A00001 /* Resources */ = {
			isa = PBXResourcesBuildPhase;
			buildActionMask = 2147483647;
			files = (
			);
			runOnlyForDeploymentPostprocessing = 0;
		};
/* End PBXResourcesBuildPhase section */

/* Begin PBXSourcesBuildPhase section */
		0B2A1E072D00000100A00001 /* Sources */ = {
			isa = PBXSourcesBuildPhase;
			buildActionMask = 2147483647;
			files = (
				0B2A1E0F2D00000100A00001 /* GQuotaApp.swift in Sources */,
				0B2A1E292D00000100A00001 /* MenuBarIconRenderer.swift in Sources */,
				0B2A1E302D00000100A00001 /* AppModel.swift in Sources */,
				0B2A1E312D00000100A00001 /* MenuBarPanel.swift in Sources */,
				0B2A1E322D00000100A00001 /* ProviderRow.swift in Sources */,
			);
			runOnlyForDeploymentPostprocessing = 0;
		};
		0B2A1E1E2D00000100A00001 /* Sources */ = {
			isa = PBXSourcesBuildPhase;
			buildActionMask = 2147483647;
			files = (
				0B2A1E1B2D00000100A00001 /* MenuBarIconRendererTests.swift in Sources */,
				0B2A1E332D00000100A00001 /* AppModelTests.swift in Sources */,
				0B2A1E342D00000100A00001 /* MenuBarPanelTests.swift in Sources */,
				0B2A1E352D00000100A00001 /* ProviderRowTests.swift in Sources */,
			);
			runOnlyForDeploymentPostprocessing = 0;
		};
/* End PBXSourcesBuildPhase section */

/* Begin PBXTargetDependency section */
		0B2A1E212D00000100A00001 /* PBXTargetDependency */ = {
			isa = PBXTargetDependency;
			target = 0B2A1E0A2D00000100A00001 /* GQuota */;
			targetProxy = 0B2A1E222D00000100A00001 /* PBXContainerItemProxy */;
		};
/* End PBXTargetDependency section */

/* Begin XCBuildConfiguration section */
		0B2A1E122D00000100A00001 /* Debug */ = {
			isa = XCBuildConfiguration;
			buildSettings = {
				ALWAYS_SEARCH_USER_PATHS = NO;
				CLANG_ANALYZER_NONNULL = YES;
				CLANG_ANALYZER_NUMBER_OBJECT_CONVERSION = YES_AGGRESSIVE;
				CLANG_CXX_LANGUAGE_STANDARD = "gnu++20";
				CLANG_ENABLE_MODULES = YES;
				CLANG_ENABLE_OBJC_ARC = YES;
				CLANG_ENABLE_OBJC_WEAK = YES;
				CLANG_WARN_BLOCK_CAPTURE_AUTORELEASING = YES;
				CLANG_WARN_BOOL_CONVERSION = YES;
				CLANG_WARN_COMMA = YES;
				CLANG_WARN_CONSTANT_CONVERSION = YES;
				CLANG_WARN_DEPRECATED_OBJC_IMPLEMENTATIONS = YES;
				CLANG_WARN_DIRECT_OBJC_ISA_USAGE = YES_ERROR;
				CLANG_WARN_DOCUMENTATION_COMMENTS = YES;
				CLANG_WARN_EMPTY_BODY = YES;
				CLANG_WARN_ENUM_CONVERSION = YES;
				CLANG_WARN_INFINITE_RECURSION = YES;
				CLANG_WARN_INT_CONVERSION = YES;
				CLANG_WARN_NON_LITERAL_NULL_CONVERSION = YES;
				CLANG_WARN_OBJC_IMPLICIT_RETAIN_SELF = YES;
				CLANG_WARN_OBJC_LITERAL_CONVERSION = YES;
				CLANG_WARN_OBJC_ROOT_CLASS = YES_ERROR;
				CLANG_WARN_QUOTED_INCLUDE_IN_FRAMEWORK_HEADER = YES;
				CLANG_WARN_RANGE_LOOP_ANALYSIS = YES;
				CLANG_WARN_STRICT_PROTOTYPES = YES;
				CLANG_WARN_SUSPICIOUS_MOVE = YES;
				CLANG_WARN_UNGUARDED_AVAILABILITY = YES_AGGRESSIVE;
				CLANG_WARN_UNREACHABLE_CODE = YES;
				CLANG_WARN__DUPLICATE_METHOD_MATCH = YES;
				COPY_PHASE_STRIP = NO;
				DEBUG_INFORMATION_FORMAT = dwarf;
				DEVELOPMENT_TEAM = "";
				ENABLE_STRICT_OBJC_MSGSEND = YES;
				ENABLE_TESTABILITY = YES;
				ENABLE_USER_SCRIPT_SANDBOXING = YES;
				GCC_C_LANGUAGE_STANDARD = gnu17;
				GCC_DYNAMIC_NO_PIC = NO;
				GCC_NO_COMMON_BLOCKS = YES;
				GCC_OPTIMIZATION_LEVEL = 0;
				GCC_PREPROCESSOR_DEFINITIONS = (
					"DEBUG=1",
					"$(inherited)",
				);
				GCC_WARN_64_TO_32_BIT_CONVERSION = YES;
				GCC_WARN_ABOUT_RETURN_TYPE = YES_ERROR;
				GCC_WARN_UNDECLARED_SELECTOR = YES;
				GCC_WARN_UNINITIALIZED_AUTOS = YES_AGGRESSIVE;
				GCC_WARN_UNUSED_FUNCTION = YES;
				GCC_WARN_UNUSED_VARIABLE = YES;
				MACOSX_DEPLOYMENT_TARGET = 13.0;
				MTL_ENABLE_DEBUG_INFO = INCLUDE_SOURCE;
				MTL_FAST_MATH = YES;
				ONLY_ACTIVE_ARCH = YES;
				SDKROOT = macosx;
				SWIFT_ACTIVE_COMPILATION_CONDITIONS = DEBUG;
				SWIFT_OPTIMIZATION_LEVEL = "-Onone";
			};
			name = Debug;
		};
		0B2A1E132D00000100A00001 /* Release */ = {
			isa = XCBuildConfiguration;
			buildSettings = {
				ALWAYS_SEARCH_USER_PATHS = NO;
				CLANG_ANALYZER_NONNULL = YES;
				CLANG_ANALYZER_NUMBER_OBJECT_CONVERSION = YES_AGGRESSIVE;
				CLANG_CXX_LANGUAGE_STANDARD = "gnu++20";
				CLANG_ENABLE_MODULES = YES;
				CLANG_ENABLE_OBJC_ARC = YES;
				CLANG_ENABLE_OBJC_WEAK = YES;
				CLANG_WARN_BLOCK_CAPTURE_AUTORELEASING = YES;
				CLANG_WARN_BOOL_CONVERSION = YES;
				CLANG_WARN_COMMA = YES;
				CLANG_WARN_CONSTANT_CONVERSION = YES;
				CLANG_WARN_DEPRECATED_OBJC_IMPLEMENTATIONS = YES;
				CLANG_WARN_DIRECT_OBJC_ISA_USAGE = YES_ERROR;
				CLANG_WARN_DOCUMENTATION_COMMENTS = YES;
				CLANG_WARN_EMPTY_BODY = YES;
				CLANG_WARN_ENUM_CONVERSION = YES;
				CLANG_WARN_INFINITE_RECURSION = YES;
				CLANG_WARN_INT_CONVERSION = YES;
				CLANG_WARN_NON_LITERAL_NULL_CONVERSION = YES;
				CLANG_WARN_OBJC_IMPLICIT_RETAIN_SELF = YES;
				CLANG_WARN_OBJC_LITERAL_CONVERSION = YES;
				CLANG_WARN_OBJC_ROOT_CLASS = YES_ERROR;
				CLANG_WARN_QUOTED_INCLUDE_IN_FRAMEWORK_HEADER = YES;
				CLANG_WARN_RANGE_LOOP_ANALYSIS = YES;
				CLANG_WARN_STRICT_PROTOTYPES = YES;
				CLANG_WARN_SUSPICIOUS_MOVE = YES;
				CLANG_WARN_UNGUARDED_AVAILABILITY = YES_AGGRESSIVE;
				CLANG_WARN_UNREACHABLE_CODE = YES;
				CLANG_WARN__DUPLICATE_METHOD_MATCH = YES;
				COPY_PHASE_STRIP = NO;
				DEBUG_INFORMATION_FORMAT = "dwarf-with-dsym";
				DEVELOPMENT_TEAM = "";
				ENABLE_NS_ASSERTIONS = NO;
				ENABLE_STRICT_OBJC_MSGSEND = YES;
				ENABLE_USER_SCRIPT_SANDBOXING = YES;
				GCC_C_LANGUAGE_STANDARD = gnu17;
				GCC_NO_COMMON_BLOCKS = YES;
				GCC_WARN_64_TO_32_BIT_CONVERSION = YES;
				GCC_WARN_ABOUT_RETURN_TYPE = YES_ERROR;
				GCC_WARN_UNDECLARED_SELECTOR = YES;
				GCC_WARN_UNINITIALIZED_AUTOS = YES_AGGRESSIVE;
				GCC_WARN_UNUSED_FUNCTION = YES;
				GCC_WARN_UNUSED_VARIABLE = YES;
				MACOSX_DEPLOYMENT_TARGET = 13.0;
				MTL_ENABLE_DEBUG_INFO = NO;
				MTL_FAST_MATH = YES;
				SDKROOT = macosx;
				SWIFT_COMPILATION_MODE = wholemodule;
			};
			name = Release;
		};
		0B2A1E182D00000100A00001 /* Debug */ = {
			isa = XCBuildConfiguration;
			buildSettings = {
				CODE_SIGN_ENTITLEMENTS = GQuota/GQuota.entitlements;
				CODE_SIGN_IDENTITY = "Apple Development";
				"CODE_SIGN_IDENTITY[sdk=macosx*]" = "-";
				CODE_SIGN_STYLE = Automatic;
				COMBINE_HIDPI_IMAGES = YES;
				DEVELOPMENT_TEAM = 7Q33FD35SG;
				ENABLE_HARDENED_RUNTIME = YES;
				GENERATE_INFOPLIST_FILE = NO;
				INFOPLIST_FILE = GQuota/Info.plist;
				LD_RUNPATH_SEARCH_PATHS = (
					"$(inherited)",
					"@executable_path/../Frameworks",
				);
				MACOSX_DEPLOYMENT_TARGET = 13.0;
				PRODUCT_BUNDLE_IDENTIFIER = com.gunlabs.GQuota;
				PRODUCT_NAME = "$(TARGET_NAME)";
				PROVISIONING_PROFILE_SPECIFIER = "";
				SWIFT_VERSION = 6.0;
			};
			name = Debug;
		};
		0B2A1E192D00000100A00001 /* Release */ = {
			isa = XCBuildConfiguration;
			buildSettings = {
				CODE_SIGN_ENTITLEMENTS = GQuota/GQuota.entitlements;
				CODE_SIGN_IDENTITY = "Apple Development";
				"CODE_SIGN_IDENTITY[sdk=macosx*]" = "-";
				CODE_SIGN_STYLE = Automatic;
				COMBINE_HIDPI_IMAGES = YES;
				DEVELOPMENT_TEAM = 7Q33FD35SG;
				ENABLE_HARDENED_RUNTIME = YES;
				GENERATE_INFOPLIST_FILE = NO;
				INFOPLIST_FILE = GQuota/Info.plist;
				LD_RUNPATH_SEARCH_PATHS = (
					"$(inherited)",
					"@executable_path/../Frameworks",
				);
				MACOSX_DEPLOYMENT_TARGET = 13.0;
				PRODUCT_BUNDLE_IDENTIFIER = com.gunlabs.GQuota;
				PRODUCT_NAME = "$(TARGET_NAME)";
				PROVISIONING_PROFILE_SPECIFIER = "";
				SWIFT_VERSION = 6.0;
			};
			name = Release;
		};
		0B2A1E232D00000100A00001 /* Debug */ = {
			isa = XCBuildConfiguration;
			buildSettings = {
				BUNDLE_LOADER = "$(TEST_HOST)";
				CODE_SIGN_IDENTITY = "-";
				CODE_SIGN_STYLE = Manual;
				DEVELOPMENT_TEAM = "";
				GENERATE_INFOPLIST_FILE = YES;
				LD_RUNPATH_SEARCH_PATHS = (
					"$(inherited)",
					"@executable_path/../Frameworks",
					"@loader_path/../Frameworks",
				);
				MACOSX_DEPLOYMENT_TARGET = 13.0;
				PRODUCT_BUNDLE_IDENTIFIER = com.gunlabs.GQuotaTests;
				PRODUCT_NAME = "$(TARGET_NAME)";
				SWIFT_VERSION = 6.0;
				TEST_HOST = "$(BUILT_PRODUCTS_DIR)/GQuota.app/Contents/MacOS/GQuota";
				TEST_TARGET_NAME = GQuota;
			};
			name = Debug;
		};
		0B2A1E242D00000100A00001 /* Release */ = {
			isa = XCBuildConfiguration;
			buildSettings = {
				BUNDLE_LOADER = "$(TEST_HOST)";
				CODE_SIGN_IDENTITY = "-";
				CODE_SIGN_STYLE = Manual;
				DEVELOPMENT_TEAM = "";
				GENERATE_INFOPLIST_FILE = YES;
				LD_RUNPATH_SEARCH_PATHS = (
					"$(inherited)",
					"@executable_path/../Frameworks",
					"@loader_path/../Frameworks",
				);
				MACOSX_DEPLOYMENT_TARGET = 13.0;
				PRODUCT_BUNDLE_IDENTIFIER = com.gunlabs.GQuotaTests;
				PRODUCT_NAME = "$(TARGET_NAME)";
				SWIFT_VERSION = 6.0;
				TEST_HOST = "$(BUILT_PRODUCTS_DIR)/GQuota.app/Contents/MacOS/GQuota";
				TEST_TARGET_NAME = GQuota;
			};
			name = Release;
		};
/* End XCBuildConfiguration section */

/* Begin XCConfigurationList section */
		0B2A1E062D00000100A00001 /* Build configuration list for PBXProject "GQuota" */ = {
			isa = XCConfigurationList;
			buildConfigurations = (
				0B2A1E122D00000100A00001 /* Debug */,
				0B2A1E132D00000100A00001 /* Release */,
			);
			defaultConfigurationIsVisible = 0;
			defaultConfigurationName = Release;
		};
		0B2A1E142D00000100A00001 /* Build configuration list for PBXNativeTarget "GQuota" */ = {
			isa = XCConfigurationList;
			buildConfigurations = (
				0B2A1E182D00000100A00001 /* Debug */,
				0B2A1E192D00000100A00001 /* Release */,
			);
			defaultConfigurationIsVisible = 0;
			defaultConfigurationName = Release;
		};
		0B2A1E252D00000100A00001 /* Build configuration list for PBXNativeTarget "GQuotaTests" */ = {
			isa = XCConfigurationList;
			buildConfigurations = (
				0B2A1E232D00000100A00001 /* Debug */,
				0B2A1E242D00000100A00001 /* Release */,
			);
			defaultConfigurationIsVisible = 0;
			defaultConfigurationName = Release;
		};
/* End XCConfigurationList section */

/* Begin XCLocalSwiftPackageReference section */
		0B2A1E152D00000100A00001 /* XCLocalSwiftPackageReference "GQuotaKit" */ = {
			isa = XCLocalSwiftPackageReference;
			relativePath = GQuotaKit;
		};
/* End XCLocalSwiftPackageReference section */

/* Begin XCSwiftPackageProductDependency section */
		0B2A1E162D00000100A00001 /* GQuotaKit */ = {
			isa = XCSwiftPackageProductDependency;
			package = 0B2A1E152D00000100A00001 /* XCLocalSwiftPackageReference "GQuotaKit" */;
			productName = GQuotaKit;
		};
		0B2A1E262D00000100A00001 /* GQuotaKit */ = {
			isa = XCSwiftPackageProductDependency;
			package = 0B2A1E152D00000100A00001 /* XCLocalSwiftPackageReference "GQuotaKit" */;
			productName = GQuotaKit;
		};
/* End XCSwiftPackageProductDependency section */
	};
	rootObject = 0B2A1E032D00000100A00001 /* Project object */;
}
